// !$*UTF8*$!
{
	archiveVersion = 1;
	classes = {
	};
	objectVersion = 46;
	objects = {

/* Begin PBXBuildFile section */
		25B9EB451B567F3A00C841D0 /* AppDelegate.swift in Sources */ = {isa = PBXBuildFile; fileRef = 25B9EB441B567F3A00C841D0 /* AppDelegate.swift */; };
		25B9EB471B567F3A00C841D0 /* ViewController.swift in Sources */ = {isa = PBXBuildFile; fileRef = 25B9EB461B567F3A00C841D0 /* ViewController.swift */; };
		25B9EB4A1B567F3A00C841D0 /* Main.storyboard in Resources */ = {isa = PBXBuildFile; fileRef = 25B9EB481B567F3A00C841D0 /* Main.storyboard */; };
		25B9EB4C1B567F3A00C841D0 /* Images.xcassets in Resources */ = {isa = PBXBuildFile; fileRef = 25B9EB4B1B567F3A00C841D0 /* Images.xcassets */; };
		25B9EB4F1B567F3A00C841D0 /* LaunchScreen.xib in Resources */ = {isa = PBXBuildFile; fileRef = 25B9EB4D1B567F3A00C841D0 /* LaunchScreen.xib */; };
		25B9EB5B1B567F3A00C841D0 /* UserLoginAndRegistrationTests.swift in Sources */ = {isa = PBXBuildFile; fileRef = 25B9EB5A1B567F3A00C841D0 /* UserLoginAndRegistrationTests.swift */; };
/* End PBXBuildFile section */

/* Begin PBXContainerItemProxy section */
		25B9EB551B567F3A00C841D0 /* PBXContainerItemProxy */ = {
			isa = PBXContainerItemProxy;
			containerPortal = 25B9EB371B567F3A00C841D0 /* Project object */;
			proxyType = 1;
			remoteGlobalIDString = 25B9EB3E1B567F3A00C841D0;
			remoteInfo = UserLoginAndRegistration;
		};
/* End PBXContainerItemProxy section */

/* Begin PBXFileReference section */
		25B9EB3F1B567F3A00C841D0 /* UserLoginAndRegistration.app */ = {isa = PBXFileReference; explicitFileType = wrapper.application; includeInIndex = 0; path = UserLoginAndRegistration.app; sourceTree = BUILT_PRODUCTS_DIR; };
		25B9EB431B567F3A00C841D0 /* Info.plist */ = {isa = PBXFileReference; lastKnownFileType = text.plist.xml; path = Info.plist; sourceTree = "<group>"; };
		25B9EB441B567F3A00C841D0 /* AppDelegate.swift */ = {isa = PBXFileReference; lastKnownFileType = sourcecode.swift; path = AppDelegate.swift; sourceTree = "<group>"; };
		25B9EB461B567F3A00C841D0 /* ViewController.swift */ = {isa = PBXFileReference; lastKnownFileType = sourcecode.swift; path = ViewController.swift; sourceTree = "<group>"; };
		25B9EB491B567F3A00C841D0 /* Base */ = {isa = PBXFileReference; lastKnownFileType = file.storyboard; name = Base; path = Base.lproj/Main.storyboard; sourceTree = "<group>"; };
		25B9EB4B1B567F3A00C841D0 /* Images.xcassets */ = {isa = PBXFileReference; lastKnownFileType = folder.assetcatalog; path = Images.xcassets; sourceTree = "<group>"; };
		25B9EB4E1B567F3A00C841D0 /* Base */ = {isa = PBXFileReference; lastKnownFileType = file.xib; name = Base; path = Base.lproj/LaunchScreen.xib; sourceTree = "<group>"; };
		25B9EB541B567F3A00C841D0 /* UserLoginAndRegistrationTests.xctest */ = {isa = PBXFileReference; explicitFileType = wrapper.cfbundle; includeInIndex = 0; path = UserLoginAndRegistrationTests.xctest; sourceTree = BUILT_PRODUCTS_DIR; };
		25B9EB591B567F3A00C841D0 /* Info.plist */ = {isa = PBXFileReference; lastKnownFileType = text.plist.xml; path = Info.plist; sourceTree = "<group>"; };
		25B9EB5A1B567F3A00C841D0 /* UserLoginAndRegistrationTests.swift */ = {isa = PBXFileReference; lastKnownFileType = sourcecode.swift; path = UserLoginAndRegistrationTests.swift; sourceTree = "<group>"; };
/* End PBXFileReference section */

/* Begin PBXFrameworksBuildPhase section */
		25B9EB3C1B567F3A00C841D0 /* Frameworks */ = {
			isa = PBXFrameworksBuildPhase;
			buildActionMask = 2147483647;
			files = (
			);
			runOnlyForDeploymentPostprocessing = 0;
		};
		25B9EB511B567F3A00C841D0 /* Frameworks */ = {
			isa = PBXFrameworksBuildPhase;
			buildActionMask = 2147483647;
			files = (
			);
			runOnlyForDeploymentPostprocessing = 0;
		};
/* End PBXFrameworksBuildPhase section */

/* Begin PBXGroup section */
		25B9EB361B567F3A00C841D0 = {
			isa = PBXGroup;
			children = (
				25B9EB411B567F3A00C841D0 /* UserLoginAndRegistration */,
				25B9EB571B567F3A00C841D0 /* UserLoginAndRegistrationTests */,
				25B9EB401B567F3A00C841D0 /* Products */,
			);
			sourceTree = "<group>";
		};
		25B9EB401B567F3A00C841D0 /* Products */ = {
			isa = PBXGroup;
			children = (
				25B9EB3F1B567F3A00C841D0 /* UserLoginAndRegistration.app */,
				25B9EB541B567F3A00C841D0 /* UserLoginAndRegistrationTests.xctest */,
			);
			name = Products;
			sourceTree = "<group>";
		};
		25B9EB411B567F3A00C841D0 /* UserLoginAndRegistration */ = {
			isa = PBXGroup;
			children = (
				25B9EB441B567F3A00C841D0 /* AppDelegate.swift */,
				25B9EB461B567F3A00C841D0 /* ViewController.swift */,
				25B9EB481B567F3A00C841D0 /* Main.storyboard */,
				25B9EB4B1B567F3A00C841D0 /* Images.xcassets */,
				25B9EB4D1B567F3A00C841D0 /* LaunchScreen.xib */,
				25B9EB421B567F3A00C841D0 /* Supporting Files */,
			);
			path = UserLoginAndRegistration;
			sourceTree = "<group>";
		};
		25B9EB421B567F3A00C841D0 /* Supporting Files */ = {
			isa = PBXGroup;
			children = (
				25B9EB431B567F3A00C841D0 /* Info.plist */,
			);
			name = "Supporting Files";
			sourceTree = "<group>";
		};
		25B9EB571B567F3A00C841D0 /* UserLoginAndRegistrationTests */ = {
			isa = PBXGroup;
			children = (
				25B9EB5A1B567F3A00C841D0 /* UserLoginAndRegistrationTests.swift */,
				25B9EB581B567F3A00C841D0 /* Supporting Files */,
			);
			path = UserLoginAndRegistrationTests;
			sourceTree = "<group>";
		};
		25B9EB581B567F3A00C841D0 /* Supporting Files */ = {
			isa = PBXGroup;
			children = (
				25B9EB591B567F3A00C841D0 /* Info.plist */,
			);
			name = "Supporting Files";
			sourceTree = "<group>";
		};
/* End PBXGroup section */

/* Begin PBXNativeTarget section */
		25B9EB3E1B567F3A00C841D0 /* UserLoginAndRegistration */ = {
			isa = PBXNativeTarget;
			buildConfigurationList = 25B9EB5E1B567F3A00C841D0 /* Build configuration list for PBXNativeTarget "UserLoginAndRegistration" */;
			buildPhases = (
				25B9EB3B1B567F3A00C841D0 /* Sources */,
				25B9EB3C1B567F3A00C841D0 /* Frameworks */,
				25B9EB3D1B567F3A00C841D0 /* Resources */,
			);
			buildRules = (
			);
			dependencies = (
			);
			name = UserLoginAndRegistration;
			productName = UserLoginAndRegistration;
			productReference = 25B9EB3F1B567F3A00C841D0 /* UserLoginAndRegistration.app */;
			productType = "com.apple.product-type.application";
		};
		25B9EB531B567F3A00C841D0 /* UserLoginAndRegistrationTests */ = {
			isa = PBXNativeTarget;
			buildConfigurationList = 25B9EB611B567F3A00C841D0 /* Build configuration list for PBXNativeTarget "UserLoginAndRegistrationTests" */;
			buildPhases = (
				25B9EB501B567F3A00C841D0 /* Sources */,
				25B9EB511B567F3A00C841D0 /* Frameworks */,
				25B9EB521B567F3A00C841D0 /* Resources */,
			);
			buildRules = (
			);
			dependencies = (
				25B9EB561B567F3A00C841D0 /* PBXTargetDependency */,
			);
			name = UserLoginAndRegistrationTests;
			productName = UserLoginAndRegistrationTests;
			productReference = 25B9EB541B567F3A00C841D0 /* UserLoginAndRegistrationTests.xctest */;
			productType = "com.apple.product-type.bundle.unit-test";
		};
/* End PBXNativeTarget section */

/* Begin PBXProject section */
		25B9EB371B567F3A00C841D0 /* Project object */ = {
			isa = PBXProject;
			attributes = {
				LastUpgradeCheck = 0640;
				ORGANIZATIONNAME = "Hey Jude";
				TargetAttributes = {
					25B9EB3E1B567F3A00C841D0 = {
						CreatedOnToolsVersion = 6.4;
					};
					25B9EB531B567F3A00C841D0 = {
						CreatedOnToolsVersion = 6.4;
						TestTargetID = 25B9EB3E1B567F3A00C841D0;
					};
				};
			};
			buildConfigurationList = 25B9EB3A1B567F3A00C841D0 /* Build configuration list for PBXProject "UserLoginAndRegistration" */;
			compatibilityVersion = "Xcode 3.2";
			developmentRegion = English;
			hasScannedForEncodings = 0;
			knownRegions = (
				en,
				Base,
			);
			mainGroup = 25B9EB361B567F3A00C841D0;
			productRefGroup = 25B9EB401B567F3A00C841D0 /* Products */;
			projectDirPath = "";
			projectRoot = "";
			targets = (
				25B9EB3E1B567F3A00C841D0 /* UserLoginAndRegistration */,
				25B9EB531B567F3A00C841D0 /* UserLoginAndRegistrationTests */,
			);
		};
/* End PBXProject section */

/* Begin PBXResourcesBuildPhase section */
		25B9EB3D1B567F3A00C841D0 /* Resources */ = {
			isa = PBXResourcesBuildPhase;
			buildActionMask = 2147483647;
			files = (
				25B9EB4A1B567F3A00C841D0 /* Main.storyboard in Resources */,
				25B9EB4F1B567F3A00C841D0 /* LaunchScreen.xib in Resources */,
				25B9EB4C1B567F3A00C841D0 /* Images.xcassets in Resources */,
			);
			runOnlyForDeploymentPostprocessing = 0;
		};
		25B9EB521B567F3A00C841D0 /* Resources */ = {
			isa = PBXResourcesBuildPhase;
			buildActionMask = 2147483647;
			files = (
			);
			runOnlyForDeploymentPostprocessing = 0;
		};
/* End PBXResourcesBuildPhase section */

/* Begin PBXSourcesBuildPhase section */
		25B9EB3B1B567F3A00C841D0 /* Sources */ = {
			isa = PBXSourcesBuildPhase;
			buildActionMask = 2147483647;
			files = (
				25B9EB471B567F3A00C841D0 /* ViewController.swift in Sources */,
				25B9EB451B567F3A00C841D0 /* AppDelegate.swift in Sources */,
			);
			runOnlyForDeploymentPostprocessing = 0;
		};
		25B9EB501B567F3A00C841D0 /* Sources */ = {
			isa = PBXSourcesBuildPhase;
			buildActionMask = 2147483647;
			files = (
				25B9EB5B1B567F3A00C841D0 /* UserLoginAndRegistrationTests.swift in Sources */,
			);
			runOnlyForDeploymentPostprocessing = 0;
		};
/* End PBXSourcesBuildPhase section */

/* Begin PBXTargetDependency section */
		25B9EB561B567F3A00C841D0 /* PBXTargetDependency */ = {
			isa = PBXTargetDependency;
			target = 25B9EB3E1B567F3A00C841D0 /* UserLoginAndRegistration */;
			targetProxy = 25B9EB551B567F3A00C841D0 /* PBXContainerItemProxy */;
		};
/* End PBXTargetDependency section */

/* Begin PBXVariantGroup section */
		25B9EB481B567F3A00C841D0 /* Main.storyboard */ = {
			isa = PBXVariantGroup;
			children = (
				25B9EB491B567F3A00C841D0 /* Base */,
			);
			name = Main.storyboard;
			sourceTree = "<group>";
		};
		25B9EB4D1B567F3A00C841D0 /* LaunchScreen.xib */ = {
			isa = PBXVariantGroup;
			children = (
				25B9EB4E1B567F3A00C841D0 /* Base */,
			);
			name = LaunchScreen.xib;
			sourceTree = "<group>";
		};
/* End PBXVariantGroup section */

/* Begin XCBuildConfiguration section */
		25B9EB5C1B567F3A00C841D0 /* Debug */ = {
			isa = XCBuildConfiguration;
			buildSettings = {
				ALWAYS_SEARCH_USER_PATHS = NO;
				CLANG_CXX_LANGUAGE_STANDARD = "gnu++0x";
				CLANG_CXX_LIBRARY = "libc++";
				CLANG_ENABLE_MODULES = YES;
				CLANG_ENABLE_OBJC_ARC = YES;
				CLANG_WARN_BOOL_CONVERSION = YES;
				CLANG_WARN_CONSTANT_CONVERSION = YES;
				CLANG_WARN_DIRECT_OBJC_ISA_USAGE = YES_ERROR;
				CLANG_WARN_EMPTY_BODY = YES;
				CLANG_WARN_ENUM_CONVERSION = YES;
				CLANG_WARN_INT_CONVERSION = YES;
				CLANG_WARN_OBJC_ROOT_CLASS = YES_ERROR;
				CLANG_WARN_UNREACHABLE_CODE = YES;
				CLANG_WARN__DUPLICATE_METHOD_MATCH = YES;
				"CODE_SIGN_IDENTITY[sdk=iphoneos*]" = "iPhone Developer";
				COPY_PHASE_STRIP = NO;
				DEBUG_INFORMATION_FORMAT = "dwarf-with-dsym";
				ENABLE_STRICT_OBJC_MSGSEND = YES;
				GCC_C_LANGUAGE_STANDARD = gnu99;
				GCC_DYNAMIC_NO_PIC = NO;
				GCC_NO_COMMON_BLOCKS = YES;
				GCC_OPTIMIZATION_LEVEL = 0;
				GCC_PREPROCESSOR_DEFINITIONS = (
					"DEBUG=1",
					"$(inherited)",
				);
				GCC_SYMBOLS_PRIVATE_EXTERN = NO;
				GCC_WARN_64_TO_32_BIT_CONVERSION = YES;
				GCC_WARN_ABOUT_RETURN_TYPE = YES_ERROR;
				GCC_WARN_UNDECLARED_SELECTOR = YES;
				GCC_WARN_UNINITIALIZED_AUTOS = YES_AGGRESSIVE;
				GCC_WARN_UNUSED_FUNCTION = YES;
				GCC_WARN_UNUSED_VARIABLE = YES;
				IPHONEOS_DEPLOYMENT_TARGET = 8.4;
				MTL_ENABLE_DEBUG_INFO = YES;
				ONLY_ACTIVE_ARCH = YES;
				SDKROOT = iphoneos;
				SWIFT_OPTIMIZATION_LEVEL = "-Onone";
			};
			name = Debug;
		};
		25B9EB5D1B567F3A00C841D0 /* Release */ = {
			isa = XCBuildConfiguration;
			buildSettings = {
				ALWAYS_SEARCH_USER_PATHS = NO;
				CLANG_CXX_LANGUAGE_STANDARD = "gnu++0x";
				CLANG_CXX_LIBRARY = "libc++";
				CLANG_ENABLE_MODULES = YES;
				CLANG_ENABLE_OBJC_ARC = YES;
				CLANG_WARN_BOOL_CONVERSION = YES;
				CLANG_WARN_CONSTANT_CONVERSION = YES;
				CLANG_WARN_DIRECT_OBJC_ISA_USAGE = YES_ERROR;
				CLANG_WARN_EMPTY_BODY = YES;
				CLANG_WARN_ENUM_CONVERSION = YES;
				CLANG_WARN_INT_CONVERSION = YES;
				CLANG_WARN_OBJC_ROOT_CLASS = YES_ERROR;
				CLANG_WARN_UNREACHABLE_CODE = YES;
				CLANG_WARN__DUPLICATE_METHOD_MATCH = YES;
				"CODE_SIGN_IDENTITY[sdk=iphoneos*]" = "iPhone Developer";
				COPY_PHASE_STRIP = NO;
				DEBUG_INFORMATION_FORMAT = "dwarf-with-dsym";
				ENABLE_NS_ASSERTIONS = NO;
				ENABLE_STRICT_OBJC_MSGSEND = YES;
				GCC_C_LANGUAGE_STANDARD = gnu99;
				GCC_NO_COMMON_BLOCKS = YES;
				GCC_WARN_64_TO_32_BIT_CONVERSION = YES;
				GCC_WARN_ABOUT_RETURN_TYPE = YES_ERROR;
				GCC_WARN_UNDECLARED_SELECTOR = YES;
				GCC_WARN_UNINITIALIZED_AUTOS = YES_AGGRESSIVE;
				GCC_WARN_UNUSED_FUNCTION = YES;
				GCC_WARN_UNUSED_VARIABLE = YES;
				IPHONEOS_DEPLOYMENT_TARGET = 8.4;
				MTL_ENABLE_DEBUG_INFO = NO;
				SDKROOT = iphoneos;
				VALIDATE_PRODUCT = YES;
			};
			name = Release;
		};
		25B9EB5F1B567F3A00C841D0 /* Debug */ = {
			isa = XCBuildConfiguration;
			buildSettings = {
				ASSETCATALOG_COMPILER_APPICON_NAME = AppIcon;
				INFOPLIST_FILE = UserLoginAndRegistration/Info.plist;
				LD_RUNPATH_SEARCH_PATHS = "$(inherited) @executable_path/Frameworks";
				PRODUCT_NAME = "$(TARGET_NAME)";
			};
			name = Debug;
		};
		25B9EB601B567F3A00C841D0 /* Release */ = {
			isa = XCBuildConfiguration;
			buildSettings = {
				ASSETCATALOG_COMPILER_APPICON_NAME = AppIcon;
				INFOPLIST_FILE = UserLoginAndRegistration/Info.plist;
				LD_RUNPATH_SEARCH_PATHS = "$(inherited) @executable_path/Frameworks";
				PRODUCT_NAME = "$(TARGET_NAME)";
			};
			name = Release;
		};
		25B9EB621B567F3A00C841D0 /* Debug */ = {
			isa = XCBuildConfiguration;
			buildSettings = {
				BUNDLE_LOADER = "$(TEST_HOST)";
				FRAMEWORK_SEARCH_PATHS = (
					"$(SDKROOT)/Developer/Library/Frameworks",
					"$(inherited)",
				);
				GCC_PREPROCESSOR_DEFINITIONS = (
					"DEBUG=1",
					"$(inherited)",
				);
				INFOPLIST_FILE = UserLoginAndRegistrationTests/Info.plist;
				LD_RUNPATH_SEARCH_PATHS = "$(inherited) @executable_path/Frameworks @loader_path/Frameworks";
				PRODUCT_NAME = "$(TARGET_NAME)";
				TEST_HOST = "$(BUILT_PRODUCTS_DIR)/UserLoginAndRegistration.app/UserLoginAndRegistration";
			};
			name = Debug;
		};
		25B9EB631B567F3A00C841D0 /* Release */ = {
			isa = XCBuildConfiguration;
			buildSettings = {
				BUNDLE_LOADER = "$(TEST_HOST)";
				FRAMEWORK_SEARCH_PATHS = (
					"$(SDKROOT)/Developer/Library/Frameworks",
					"$(inherited)",
				);
				INFOPLIST_FILE = UserLoginAndRegistrationTests/Info.plist;
				LD_RUNPATH_SEARCH_PATHS = "$(inherited) @executable_path/Frameworks @loader_path/Frameworks";
				PRODUCT_NAME = "$(TARGET_NAME)";
				TEST_HOST = "$(BUILT_PRODUCTS_DIR)/UserLoginAndRegistration.app/UserLoginAndRegistration";
			};
			name = Release;
		};
/* End XCBuildConfiguration section */

/* Begin XCConfigurationList section */
		25B9EB3A1B567F3A00C841D0 /* Build configuration list for PBXProject "UserLoginAndRegistration" */ = {
			isa = XCConfigurationList;
			buildConfigurations = (
				25B9EB5C1B567F3A00C841D0 /* Debug */,
				25B9EB5D1B567F3A00C841D0 /* Release */,
			);
			defaultConfigurationIsVisible = 0;
			defaultConfigurationName = Release;
		};
		25B9EB5E1B567F3A00C841D0 /* Build configuration list for PBXNativeTarget "UserLoginAndRegistration" */ = {
			isa = XCConfigurationList;
			buildConfigurations = (
				25B9EB5F1B567F3A00C841D0 /* Debug */,
				25B9EB601B567F3A00C841D0 /* Release */,
			);
			defaultConfigurationIsVisible = 0;
		};
		25B9EB611B567F3A00C841D0 /* Build configuration list for PBXNativeTarget "UserLoginAndRegistrationTests" */ = {
			isa = XCConfigurationList;
			buildConfigurations = (
				25B9EB621B567F3A00C841D0 /* Debug */,
				25B9EB631B567F3A00C841D0 /* Release */,
			);
			defaultConfigurationIsVisible = 0;
		};
/* End XCConfigurationList section */
	};
	rootObject = 25B9EB371B567F3A00C841D0 /* Project object */;
}
